{
  "name": "tartanhacks",
  "version": "1.0.0",
  "lockfileVersion": 3,
  "requires": true,
  "packages": {
    "": {
      "name": "tartanhacks",
      "version": "1.0.0",
      "license": "ISC",
      "dependencies": {
        "node-window-manager": "^2.2.4"
      }
    },
    "node_modules/extract-file-icon": {
      "version": "0.3.2",
      "resolved": "https://registry.npmjs.org/extract-file-icon/-/extract-file-icon-0.3.2.tgz",
      "integrity": "sha512-We5/HaMDlioOx3c9zDjit8RtKWEvT94sJF8jTujaKVOyWL8Kkqu4QGnwDr5fID6XsbKvWT0JJNuWuV2Tmr7yiw==",
      "hasInstallScript": true,
      "license": "MIT",
      "dependencies": {
        "node-addon-api": "1.7.1"
      }
    },
    "node_modules/extract-file-icon/node_modules/node-addon-api": {
      "version": "1.7.1",
      "resolved": "https://registry.npmjs.org/node-addon-api/-/node-addon-api-1.7.1.tgz",
      "integrity": "sha512-2+DuKodWvwRTrCfKOeR24KIc5unKjOh8mz17NCzVnHWfjAdDqbfbjqh7gUT+BkXBRQM52+xCHciKWonJ3CbJMQ==",
      "license": "MIT"
    },
    "node_modules/node-addon-api": {
      "version": "2.0.0",
      "resolved": "https://registry.npmjs.org/node-addon-api/-/node-addon-api-2.0.0.tgz",
      "integrity": "sha512-ASCL5U13as7HhOExbT6OlWJJUV/lLzL2voOSP1UVehpRD8FbSrSDjfScK/KwAvVTI5AS6r4VwbOMlIqtvRidnA==",
      "license": "MIT"
    },
    "node_modules/node-gyp-build": {
      "version": "4.8.4",
      "resolved": "https://registry.npmjs.org/node-gyp-build/-/node-gyp-build-4.8.4.tgz",
      "integrity": "sha512-LA4ZjwlnUblHVgq0oBF3Jl/6h/Nvs5fzBLwdEF4nuxnFdsfajde4WfxtJr3CaiH+F6ewcIB/q4jQ4UzPyid+CQ==",
      "license": "MIT",
      "bin": {
        "node-gyp-build": "bin.js",
        "node-gyp-build-optional": "optional.js",
        "node-gyp-build-test": "build-test.js"
      }
    },
    "node_modules/node-window-manager": {
      "version": "2.2.4",
      "resolved": "https://registry.npmjs.org/node-window-manager/-/node-window-manager-2.2.4.tgz",
      "integrity": "sha512-Dgq9a7qx6+Gi+BifWM79leteNz76QUtwSsdiqEe7SjvoJsc8TYQsRl1IA5uxqz5iSLeHS1iA/8YI/snoq0DblA==",
      "hasInstallScript": true,
      "license": "MIT",
      "dependencies": {
        "extract-file-icon": "^0.3.2",
        "node-addon-api": "2.0.0",
        "node-gyp-build": "^4.2.1"
      }
    }
  }
}
